
Microsoft Visual Studio Solution File, Format Version 12.00
# Visual Studio Version 17
VisualStudioVersion = 17.1.32328.378
MinimumVisualStudioVersion = 10.0.40219.1
Project("{9A19103F-16F7-4668-BE54-9A1E7A4F7556}") = "recipes_alexander_ccoa.Client", "recipes_alexander_ccoa\Client\recipes_alexander_ccoa.Client.csproj", "{EA291AFF-F918-41FA-923E-761AB5D5734D}"
EndProject
Project("{9A19103F-16F7-4668-BE54-9A1E7A4F7556}") = "recipes_alexander_ccoa.Shared", "recipes_alexander_ccoa\Shared\recipes_alexander_ccoa.Shared.csproj", "{0F7FDE72-4AAF-4BF5-8152-075B9A7FCC75}"
EndProject
Project("{9A19103F-16F7-4668-BE54-9A1E7A4F7556}") = "recipes_alexander_ccoa.Core", "recipes_alexander_ccoa.Core\recipes_alexander_ccoa.Core.csproj", "{E5A93980-63A2-4B70-92A6-4907DE3C957F}"
EndProject
Project("{9A19103F-16F7-4668-BE54-9A1E7A4F7556}") = "recipes_alexander_ccoa.test", "recipes_alexander_ccoa.test\recipes_alexander_ccoa.test.csproj", "{FB6C2F0E-8DFF-4FCC-AFDA-E4AB85DBD3F4}"
EndProject
Project("{9A19103F-16F7-4668-BE54-9A1E7A4F7556}") = "recipes_alexander_ccoa.web", "recipes_alexander_ccoa.web\recipes_alexander_ccoa.web.csproj", "{C5B096BD-7134-4F65-BDAB-2277C2243C54}"
EndProject
Global
	GlobalSection(SolutionConfigurationPlatforms) = preSolution
		Debug|Any CPU = Debug|Any CPU
		Release|Any CPU = Release|Any CPU
	EndGlobalSection
	GlobalSection(ProjectConfigurationPlatforms) = postSolution
		{EA291AFF-F918-41FA-923E-761AB5D5734D}.Debug|Any CPU.ActiveCfg = Debug|Any CPU
		{EA291AFF-F918-41FA-923E-761AB5D5734D}.Debug|Any CPU.Build.0 = Debug|Any CPU
		{EA291AFF-F918-41FA-923E-761AB5D5734D}.Release|Any CPU.ActiveCfg = Release|Any CPU
		{EA291AFF-F918-41FA-923E-761AB5D5734D}.Release|Any CPU.Build.0 = Release|Any CPU
		{0F7FDE72-4AAF-4BF5-8152-075B9A7FCC75}.Debug|Any CPU.ActiveCfg = Debug|Any CPU
		{0F7FDE72-4AAF-4BF5-8152-075B9A7FCC75}.Debug|Any CPU.Build.0 = Debug|Any CPU
		{0F7FDE72-4AAF-4BF5-8152-075B9A7FCC75}.Release|Any CPU.ActiveCfg = Release|Any CPU
		{0F7FDE72-4AAF-4BF5-8152-075B9A7FCC75}.Release|Any CPU.Build.0 = Release|Any CPU
		{E5A93980-63A2-4B70-92A6-4907DE3C957F}.Debug|Any CPU.ActiveCfg = Debug|Any CPU
		{E5A93980-63A2-4B70-92A6-4907DE3C957F}.Debug|Any CPU.Build.0 = Debug|Any CPU
		{E5A93980-63A2-4B70-92A6-4907DE3C957F}.Release|Any CPU.ActiveCfg = Release|Any CPU
		{E5A93980-63A2-4B70-92A6-4907DE3C957F}.Release|Any CPU.Build.0 = Release|Any CPU
		{FB6C2F0E-8DFF-4FCC-AFDA-E4AB85DBD3F4}.Debug|Any CPU.ActiveCfg = Debug|Any CPU
		{FB6C2F0E-8DFF-4FCC-AFDA-E4AB85DBD3F4}.Debug|Any CPU.Build.0 = Debug|Any CPU
		{FB6C2F0E-8DFF-4FCC-AFDA-E4AB85DBD3F4}.Release|Any CPU.ActiveCfg = Release|Any CPU
		{FB6C2F0E-8DFF-4FCC-AFDA-E4AB85DBD3F4}.Release|Any CPU.Build.0 = Release|Any CPU
		{C5B096BD-7134-4F65-BDAB-2277C2243C54}.Debug|Any CPU.ActiveCfg = Debug|Any CPU
		{C5B096BD-7134-4F65-BDAB-2277C2243C54}.Debug|Any CPU.Build.0 = Debug|Any CPU
		{C5B096BD-7134-4F65-BDAB-2277C2243C54}.Release|Any CPU.ActiveCfg = Release|Any CPU
		{C5B096BD-7134-4F65-BDAB-2277C2243C54}.Release|Any CPU.Build.0 = Release|Any CPU
	EndGlobalSection
	GlobalSection(SolutionProperties) = preSolution
		HideSolutionNode = FALSE
	EndGlobalSection
	GlobalSection(ExtensibilityGlobals) = postSolution
		SolutionGuid = {7A6193F6-5689-462A-A371-2D91A3A18B96}
	EndGlobalSection
EndGlobal
